// !$*UTF8*$!
{
	archiveVersion = 1;
	classes = {
	};
	objectVersion = 56;
	objects = {

/* Begin PBXBuildFile section */
		6B50AB022C660B3D001B2624 /* LoadingView.swift in Sources */ = {isa = PBXBuildFile; fileRef = 6B50AB012C660B3D001B2624 /* LoadingView.swift */; };
		6B50AB062C664ED9001B2624 /* AlbumListView.swift in Sources */ = {isa = PBXBuildFile; fileRef = 6B50AB052C664ED9001B2624 /* AlbumListView.swift */; };
		6B50AB082C66F517001B2624 /* Album.swift in Sources */ = {isa = PBXBuildFile; fileRef = 6B50AB072C66F517001B2624 /* Album.swift */; };
		6B50AB0A2C66FA63001B2624 /* Photo.swift in Sources */ = {isa = PBXBuildFile; fileRef = 6B50AB092C66FA63001B2624 /* Photo.swift */; };
		6B6BE0F92C6A044F00299624 /* PhotoPagingView.swift in Sources */ = {isa = PBXBuildFile; fileRef = 6B6BE0F82C6A044F00299624 /* PhotoPagingView.swift */; };
		6B6BE0FB2C6B2B5E00299624 /* AlbumContainer.swift in Sources */ = {isa = PBXBuildFile; fileRef = 6B6BE0FA2C6B2B5E00299624 /* AlbumContainer.swift */; };
		6B8380822C689197001E8EBA /* AlbumThumbnailView.swift in Sources */ = {isa = PBXBuildFile; fileRef = 6B8380812C689197001E8EBA /* AlbumThumbnailView.swift */; };
		6BBC84C12C691080002295E8 /* Alert.swift in Sources */ = {isa = PBXBuildFile; fileRef = 6BBC84C02C691080002295E8 /* Alert.swift */; };
		6BD10FD12C65A114003C6BA4 /* Photos_ishApp.swift in Sources */ = {isa = PBXBuildFile; fileRef = 6BD10FD02C65A114003C6BA4 /* Photos_ishApp.swift */; };
		6BD10FD32C65A114003C6BA4 /* GridView.swift in Sources */ = {isa = PBXBuildFile; fileRef = 6BD10FD22C65A114003C6BA4 /* GridView.swift */; };
		6BD10FD52C65A115003C6BA4 /* Assets.xcassets in Resources */ = {isa = PBXBuildFile; fileRef = 6BD10FD42C65A115003C6BA4 /* Assets.xcassets */; };
		6BD10FD82C65A116003C6BA4 /* Preview Assets.xcassets in Resources */ = {isa = PBXBuildFile; fileRef = 6BD10FD72C65A116003C6BA4 /* Preview Assets.xcassets */; };
		6BFD55B02C65A37F00924393 /* NetworkManager.swift in Sources */ = {isa = PBXBuildFile; fileRef = 6BFD55AF2C65A37F00924393 /* NetworkManager.swift */; };
		6BFD55B52C65FF6700924393 /* CatImage.swift in Sources */ = {isa = PBXBuildFile; fileRef = 6BFD55B42C65FF6700924393 /* CatImage.swift */; };
		6BFD55B82C65FFC700924393 /* RemoteImageView.swift in Sources */ = {isa = PBXBuildFile; fileRef = 6BFD55B72C65FFC700924393 /* RemoteImageView.swift */; };
/* End PBXBuildFile section */

/* Begin PBXFileReference section */
		6B50AB012C660B3D001B2624 /* LoadingView.swift */ = {isa = PBXFileReference; lastKnownFileType = sourcecode.swift; path = LoadingView.swift; sourceTree = "<group>"; };
		6B50AB052C664ED9001B2624 /* AlbumListView.swift */ = {isa = PBXFileReference; lastKnownFileType = sourcecode.swift; path = AlbumListView.swift; sourceTree = "<group>"; };
		6B50AB072C66F517001B2624 /* Album.swift */ = {isa = PBXFileReference; lastKnownFileType = sourcecode.swift; path = Album.swift; sourceTree = "<group>"; };
		6B50AB092C66FA63001B2624 /* Photo.swift */ = {isa = PBXFileReference; lastKnownFileType = sourcecode.swift; path = Photo.swift; sourceTree = "<group>"; };
		6B6BE0F82C6A044F00299624 /* PhotoPagingView.swift */ = {isa = PBXFileReference; fileEncoding = 4; lastKnownFileType = sourcecode.swift; path = PhotoPagingView.swift; sourceTree = "<group>"; };
		6B6BE0FA2C6B2B5E00299624 /* AlbumContainer.swift */ = {isa = PBXFileReference; lastKnownFileType = sourcecode.swift; path = AlbumContainer.swift; sourceTree = "<group>"; };
		6B8380812C689197001E8EBA /* AlbumThumbnailView.swift */ = {isa = PBXFileReference; lastKnownFileType = sourcecode.swift; path = AlbumThumbnailView.swift; sourceTree = "<group>"; };
		6BBC84C02C691080002295E8 /* Alert.swift */ = {isa = PBXFileReference; lastKnownFileType = sourcecode.swift; path = Alert.swift; sourceTree = "<group>"; };
		6BD10FCD2C65A114003C6BA4 /* Photos-ish.app */ = {isa = PBXFileReference; explicitFileType = wrapper.application; includeInIndex = 0; path = "Photos-ish.app"; sourceTree = BUILT_PRODUCTS_DIR; };
		6BD10FD02C65A114003C6BA4 /* Photos_ishApp.swift */ = {isa = PBXFileReference; lastKnownFileType = sourcecode.swift; path = Photos_ishApp.swift; sourceTree = "<group>"; };
		6BD10FD22C65A114003C6BA4 /* GridView.swift */ = {isa = PBXFileReference; lastKnownFileType = sourcecode.swift; path = GridView.swift; sourceTree = "<group>"; };
		6BD10FD42C65A115003C6BA4 /* Assets.xcassets */ = {isa = PBXFileReference; lastKnownFileType = folder.assetcatalog; path = Assets.xcassets; sourceTree = "<group>"; };
		6BD10FD72C65A116003C6BA4 /* Preview Assets.xcassets */ = {isa = PBXFileReference; lastKnownFileType = folder.assetcatalog; path = "Preview Assets.xcassets"; sourceTree = "<group>"; };
		6BFD55AF2C65A37F00924393 /* NetworkManager.swift */ = {isa = PBXFileReference; lastKnownFileType = sourcecode.swift; path = NetworkManager.swift; sourceTree = "<group>"; };
		6BFD55B42C65FF6700924393 /* CatImage.swift */ = {isa = PBXFileReference; lastKnownFileType = sourcecode.swift; path = CatImage.swift; sourceTree = "<group>"; };
		6BFD55B72C65FFC700924393 /* RemoteImageView.swift */ = {isa = PBXFileReference; lastKnownFileType = sourcecode.swift; path = RemoteImageView.swift; sourceTree = "<group>"; };
/* End PBXFileReference section */

/* Begin PBXFrameworksBuildPhase section */
		6BD10FCA2C65A114003C6BA4 /* Frameworks */ = {
			isa = PBXFrameworksBuildPhase;
			buildActionMask = 2147483647;
			files = (
			);
			runOnlyForDeploymentPostprocessing = 0;
		};
/* End PBXFrameworksBuildPhase section */

/* Begin PBXGroup section */
		6BD10FC42C65A114003C6BA4 = {
			isa = PBXGroup;
			children = (
				6BD10FCF2C65A114003C6BA4 /* Photos-ish */,
				6BD10FCE2C65A114003C6BA4 /* Products */,
			);
			sourceTree = "<group>";
		};
		6BD10FCE2C65A114003C6BA4 /* Products */ = {
			isa = PBXGroup;
			children = (
				6BD10FCD2C65A114003C6BA4 /* Photos-ish.app */,
			);
			name = Products;
			sourceTree = "<group>";
		};
		6BD10FCF2C65A114003C6BA4 /* Photos-ish */ = {
			isa = PBXGroup;
			children = (
				6BD10FD02C65A114003C6BA4 /* Photos_ishApp.swift */,
				6BFD55B62C65FFB300924393 /* View */,
				6BFD55B32C65FF5500924393 /* Model */,
				6BFD55B12C65FF4100924393 /* Utils */,
				6BD10FD42C65A115003C6BA4 /* Assets.xcassets */,
				6BD10FD62C65A116003C6BA4 /* Preview Content */,
			);
			path = "Photos-ish";
			sourceTree = "<group>";
		};
		6BD10FD62C65A116003C6BA4 /* Preview Content */ = {
			isa = PBXGroup;
			children = (
				6BD10FD72C65A116003C6BA4 /* Preview Assets.xcassets */,
			);
			path = "Preview Content";
			sourceTree = "<group>";
		};
		6BFD55B12C65FF4100924393 /* Utils */ = {
			isa = PBXGroup;
			children = (
				6BBC84C02C691080002295E8 /* Alert.swift */,
				6BFD55B22C65FF4800924393 /* Managers */,
				6B6BE0FA2C6B2B5E00299624 /* AlbumContainer.swift */,
			);
			path = Utils;
			sourceTree = "<group>";
		};
		6BFD55B22C65FF4800924393 /* Managers */ = {
			isa = PBXGroup;
			children = (
				6BFD55AF2C65A37F00924393 /* NetworkManager.swift */,
			);
			path = Managers;
			sourceTree = "<group>";
		};
		6BFD55B32C65FF5500924393 /* Model */ = {
			isa = PBXGroup;
			children = (
				6B50AB072C66F517001B2624 /* Album.swift */,
				6B50AB092C66FA63001B2624 /* Photo.swift */,
				6BFD55B42C65FF6700924393 /* CatImage.swift */,
			);
			path = Model;
			sourceTree = "<group>";
		};
		6BFD55B62C65FFB300924393 /* View */ = {
			isa = PBXGroup;
			children = (
				6B50AB052C664ED9001B2624 /* AlbumListView.swift */,
				6B8380812C689197001E8EBA /* AlbumThumbnailView.swift */,
				6BD10FD22C65A114003C6BA4 /* GridView.swift */,
				6BFD55B72C65FFC700924393 /* RemoteImageView.swift */,
				6B50AB012C660B3D001B2624 /* LoadingView.swift */,
				6B6BE0F82C6A044F00299624 /* PhotoPagingView.swift */,
			);
			path = View;
			sourceTree = "<group>";
		};
/* End PBXGroup section */

/* Begin PBXNativeTarget section */
		6BD10FCC2C65A114003C6BA4 /* Photos-ish */ = {
			isa = PBXNativeTarget;
			buildConfigurationList = 6BD10FDB2C65A116003C6BA4 /* Build configuration list for PBXNativeTarget "Photos-ish" */;
			buildPhases = (
				6BD10FC92C65A114003C6BA4 /* Sources */,
				6BD10FCA2C65A114003C6BA4 /* Frameworks */,
				6BD10FCB2C65A114003C6BA4 /* Resources */,
			);
			buildRules = (
			);
			dependencies = (
			);
			name = "Photos-ish";
			productName = "Photos-ish";
			productReference = 6BD10FCD2C65A114003C6BA4 /* Photos-ish.app */;
			productType = "com.apple.product-type.application";
		};
/* End PBXNativeTarget section */

/* Begin PBXProject section */
		6BD10FC52C65A114003C6BA4 /* Project object */ = {
			isa = PBXProject;
			attributes = {
				BuildIndependentTargetsInParallel = 1;
				LastSwiftUpdateCheck = 1540;
				LastUpgradeCheck = 1540;
				TargetAttributes = {
					6BD10FCC2C65A114003C6BA4 = {
						CreatedOnToolsVersion = 15.4;
					};
				};
			};
			buildConfigurationList = 6BD10FC82C65A114003C6BA4 /* Build configuration list for PBXProject "Photos-ish" */;
			compatibilityVersion = "Xcode 14.0";
			developmentRegion = en;
			hasScannedForEncodings = 0;
			knownRegions = (
				en,
				Base,
			);
			mainGroup = 6BD10FC42C65A114003C6BA4;
			productRefGroup = 6BD10FCE2C65A114003C6BA4 /* Products */;
			projectDirPath = "";
			projectRoot = "";
			targets = (
				6BD10FCC2C65A114003C6BA4 /* Photos-ish */,
			);
		};
/* End PBXProject section */

/* Begin PBXResourcesBuildPhase section */
		6BD10FCB2C65A114003C6BA4 /* Resources */ = {
			isa = PBXResourcesBuildPhase;
			buildActionMask = 2147483647;
			files = (
				6BD10FD82C65A116003C6BA4 /* Preview Assets.xcassets in Resources */,
				6BD10FD52C65A115003C6BA4 /* Assets.xcassets in Resources */,
			);
			runOnlyForDeploymentPostprocessing = 0;
		};
/* End PBXResourcesBuildPhase section */

/* Begin PBXSourcesBuildPhase section */
		6BD10FC92C65A114003C6BA4 /* Sources */ = {
			isa = PBXSourcesBuildPhase;
			buildActionMask = 2147483647;
			files = (
				6BFD55B52C65FF6700924393 /* CatImage.swift in Sources */,
				6BFD55B02C65A37F00924393 /* NetworkManager.swift in Sources */,
				6BD10FD32C65A114003C6BA4 /* GridView.swift in Sources */,
				6B6BE0F92C6A044F00299624 /* PhotoPagingView.swift in Sources */,
				6B50AB0A2C66FA63001B2624 /* Photo.swift in Sources */,
				6BFD55B82C65FFC700924393 /* RemoteImageView.swift in Sources */,
				6BD10FD12C65A114003C6BA4 /* Photos_ishApp.swift in Sources */,
				6B50AB022C660B3D001B2624 /* LoadingView.swift in Sources */,
				6B50AB062C664ED9001B2624 /* AlbumListView.swift in Sources */,
				6BBC84C12C691080002295E8 /* Alert.swift in Sources */,
				6B6BE0FB2C6B2B5E00299624 /* AlbumContainer.swift in Sources */,
				6B8380822C689197001E8EBA /* AlbumThumbnailView.swift in Sources */,
				6B50AB082C66F517001B2624 /* Album.swift in Sources */,
			);
			runOnlyForDeploymentPostprocessing = 0;
		};
/* End PBXSourcesBuildPhase section */

/* Begin XCBuildConfiguration section */
		6BD10FD92C65A116003C6BA4 /* Debug */ = {
			isa = XCBuildConfiguration;
			buildSettings = {
				ALWAYS_SEARCH_USER_PATHS = NO;
				ASSETCATALOG_COMPILER_GENERATE_SWIFT_ASSET_SYMBOL_EXTENSIONS = YES;
				CLANG_ANALYZER_NONNULL = YES;
				CLANG_ANALYZER_NUMBER_OBJECT_CONVERSION = YES_AGGRESSIVE;
				CLANG_CXX_LANGUAGE_STANDARD = "gnu++20";
				CLANG_ENABLE_MODULES = YES;
				CLANG_ENABLE_OBJC_ARC = YES;
				CLANG_ENABLE_OBJC_WEAK = YES;
				CLANG_WARN_BLOCK_CAPTURE_AUTORELEASING = YES;
				CLANG_WARN_BOOL_CONVERSION = YES;
				CLANG_WARN_COMMA = YES;
				CLANG_WARN_CONSTANT_CONVERSION = YES;
				CLANG_WARN_DEPRECATED_OBJC_IMPLEMENTATIONS = YES;
				CLANG_WARN_DIRECT_OBJC_ISA_USAGE = YES_ERROR;
				CLANG_WARN_DOCUMENTATION_COMMENTS = YES;
				CLANG_WARN_EMPTY_BODY = YES;
				CLANG_WARN_ENUM_CONVERSION = YES;
				CLANG_WARN_INFINITE_RECURSION = YES;
				CLANG_WARN_INT_CONVERSION = YES;
				CLANG_WARN_NON_LITERAL_NULL_CONVERSION = YES;
				CLANG_WARN_OBJC_IMPLICIT_RETAIN_SELF = YES;
				CLANG_WARN_OBJC_LITERAL_CONVERSION = YES;
				CLANG_WARN_OBJC_ROOT_CLASS = YES_ERROR;
				CLANG_WARN_QUOTED_INCLUDE_IN_FRAMEWORK_HEADER = YES;
				CLANG_WARN_RANGE_LOOP_ANALYSIS = YES;
				CLANG_WARN_STRICT_PROTOTYPES = YES;
				CLANG_WARN_SUSPICIOUS_MOVE = YES;
				CLANG_WARN_UNGUARDED_AVAILABILITY = YES_AGGRESSIVE;
				CLANG_WARN_UNREACHABLE_CODE = YES;
				CLANG_WARN__DUPLICATE_METHOD_MATCH = YES;
				COPY_PHASE_STRIP = NO;
				DEBUG_INFORMATION_FORMAT = dwarf;
				ENABLE_STRICT_OBJC_MSGSEND = YES;
				ENABLE_TESTABILITY = YES;
				ENABLE_USER_SCRIPT_SANDBOXING = YES;
				GCC_C_LANGUAGE_STANDARD = gnu17;
				GCC_DYNAMIC_NO_PIC = NO;
				GCC_NO_COMMON_BLOCKS = YES;
				GCC_OPTIMIZATION_LEVEL = 0;
				GCC_PREPROCESSOR_DEFINITIONS = (
					"DEBUG=1",
					"$(inherited)",
				);
				GCC_WARN_64_TO_32_BIT_CONVERSION = YES;
				GCC_WARN_ABOUT_RETURN_TYPE = YES_ERROR;
				GCC_WARN_UNDECLARED_SELECTOR = YES;
				GCC_WARN_UNINITIALIZED_AUTOS = YES_AGGRESSIVE;
				GCC_WARN_UNUSED_FUNCTION = YES;
				GCC_WARN_UNUSED_VARIABLE = YES;
				IPHONEOS_DEPLOYMENT_TARGET = 17.5;
				LOCALIZATION_PREFERS_STRING_CATALOGS = YES;
				MTL_ENABLE_DEBUG_INFO = INCLUDE_SOURCE;
				MTL_FAST_MATH = YES;
				ONLY_ACTIVE_ARCH = YES;
				SDKROOT = iphoneos;
				SWIFT_ACTIVE_COMPILATION_CONDITIONS = "DEBUG $(inherited)";
				SWIFT_OPTIMIZATION_LEVEL = "-Onone";
			};
			name = Debug;
		};
		6BD10FDA2C65A116003C6BA4 /* Release */ = {
			isa = XCBuildConfiguration;
			buildSettings = {
				ALWAYS_SEARCH_USER_PATHS = NO;
				ASSETCATALOG_COMPILER_GENERATE_SWIFT_ASSET_SYMBOL_EXTENSIONS = YES;
				CLANG_ANALYZER_NONNULL = YES;
				CLANG_ANALYZER_NUMBER_OBJECT_CONVERSION = YES_AGGRESSIVE;
				CLANG_CXX_LANGUAGE_STANDARD = "gnu++20";
				CLANG_ENABLE_MODULES = YES;
				CLANG_ENABLE_OBJC_ARC = YES;
				CLANG_ENABLE_OBJC_WEAK = YES;
				CLANG_WARN_BLOCK_CAPTURE_AUTORELEASING = YES;
				CLANG_WARN_BOOL_CONVERSION = YES;
				CLANG_WARN_COMMA = YES;
				CLANG_WARN_CONSTANT_CONVERSION = YES;
				CLANG_WARN_DEPRECATED_OBJC_IMPLEMENTATIONS = YES;
				CLANG_WARN_DIRECT_OBJC_ISA_USAGE = YES_ERROR;
				CLANG_WARN_DOCUMENTATION_COMMENTS = YES;
				CLANG_WARN_EMPTY_BODY = YES;
				CLANG_WARN_ENUM_CONVERSION = YES;
				CLANG_WARN_INFINITE_RECURSION = YES;
				CLANG_WARN_INT_CONVERSION = YES;
				CLANG_WARN_NON_LITERAL_NULL_CONVERSION = YES;
				CLANG_WARN_OBJC_IMPLICIT_RETAIN_SELF = YES;
				CLANG_WARN_OBJC_LITERAL_CONVERSION = YES;
				CLANG_WARN_OBJC_ROOT_CLASS = YES_ERROR;
				CLANG_WARN_QUOTED_INCLUDE_IN_FRAMEWORK_HEADER = YES;
				CLANG_WARN_RANGE_LOOP_ANALYSIS = YES;
				CLANG_WARN_STRICT_PROTOTYPES = YES;
				CLANG_WARN_SUSPICIOUS_MOVE = YES;
				CLANG_WARN_UNGUARDED_AVAILABILITY = YES_AGGRESSIVE;
				CLANG_WARN_UNREACHABLE_CODE = YES;
				CLANG_WARN__DUPLICATE_METHOD_MATCH = YES;
				COPY_PHASE_STRIP = NO;
				DEBUG_INFORMATION_FORMAT = "dwarf-with-dsym";
				ENABLE_NS_ASSERTIONS = NO;
				ENABLE_STRICT_OBJC_MSGSEND = YES;
				ENABLE_USER_SCRIPT_SANDBOXING = YES;
				GCC_C_LANGUAGE_STANDARD = gnu17;
				GCC_NO_COMMON_BLOCKS = YES;
				GCC_WARN_64_TO_32_BIT_CONVERSION = YES;
				GCC_WARN_ABOUT_RETURN_TYPE = YES_ERROR;
				GCC_WARN_UNDECLARED_SELECTOR = YES;
				GCC_WARN_UNINITIALIZED_AUTOS = YES_AGGRESSIVE;
				GCC_WARN_UNUSED_FUNCTION = YES;
				GCC_WARN_UNUSED_VARIABLE = YES;
				IPHONEOS_DEPLOYMENT_TARGET = 17.5;
				LOCALIZATION_PREFERS_STRING_CATALOGS = YES;
				MTL_ENABLE_DEBUG_INFO = NO;
				MTL_FAST_MATH = YES;
				SDKROOT = iphoneos;
				SWIFT_COMPILATION_MODE = wholemodule;
				VALIDATE_PRODUCT = YES;
			};
			name = Release;
		};
		6BD10FDC2C65A116003C6BA4 /* Debug */ = {
			isa = XCBuildConfiguration;
			buildSettings = {
				ASSETCATALOG_COMPILER_APPICON_NAME = AppIcon;
				ASSETCATALOG_COMPILER_GLOBAL_ACCENT_COLOR_NAME = AccentColor;
				CODE_SIGN_STYLE = Automatic;
				CURRENT_PROJECT_VERSION = 1;
				DEVELOPMENT_ASSET_PATHS = "\"Photos-ish/Preview Content\"";
				DEVELOPMENT_TEAM = MY6C9CN9TM;
				ENABLE_PREVIEWS = YES;
				GENERATE_INFOPLIST_FILE = YES;
				INFOPLIST_KEY_UIApplicationSceneManifest_Generation = YES;
				INFOPLIST_KEY_UIApplicationSupportsIndirectInputEvents = YES;
				INFOPLIST_KEY_UILaunchScreen_Generation = YES;
				INFOPLIST_KEY_UISupportedInterfaceOrientations_iPad = "UIInterfaceOrientationPortrait UIInterfaceOrientationPortraitUpsideDown UIInterfaceOrientationLandscapeLeft UIInterfaceOrientationLandscapeRight";
				INFOPLIST_KEY_UISupportedInterfaceOrientations_iPhone = "UIInterfaceOrientationPortrait UIInterfaceOrientationLandscapeLeft UIInterfaceOrientationLandscapeRight";
				LD_RUNPATH_SEARCH_PATHS = (
					"$(inherited)",
					"@executable_path/Frameworks",
				);
				MARKETING_VERSION = 1.0;
				PRODUCT_BUNDLE_IDENTIFIER = "com.jhyun.Photos-ish";
				PRODUCT_NAME = "$(TARGET_NAME)";
				SWIFT_EMIT_LOC_STRINGS = YES;
				SWIFT_VERSION = 5.0;
				TARGETED_DEVICE_FAMILY = "1,2";
			};
			name = Debug;
		};
		6BD10FDD2C65A116003C6BA4 /* Release */ = {
			isa = XCBuildConfiguration;
			buildSettings = {
				ASSETCATALOG_COMPILER_APPICON_NAME = AppIcon;
				ASSETCATALOG_COMPILER_GLOBAL_ACCENT_COLOR_NAME = AccentColor;
				CODE_SIGN_STYLE = Automatic;
				CURRENT_PROJECT_VERSION = 1;
				DEVELOPMENT_ASSET_PATHS = "\"Photos-ish/Preview Content\"";
				DEVELOPMENT_TEAM = MY6C9CN9TM;
				ENABLE_PREVIEWS = YES;
				GENERATE_INFOPLIST_FILE = YES;
				INFOPLIST_KEY_UIApplicationSceneManifest_Generation = YES;
				INFOPLIST_KEY_UIApplicationSupportsIndirectInputEvents = YES;
				INFOPLIST_KEY_UILaunchScreen_Generation = YES;
				INFOPLIST_KEY_UISupportedInterfaceOrientations_iPad = "UIInterfaceOrientationPortrait UIInterfaceOrientationPortraitUpsideDown UIInterfaceOrientationLandscapeLeft UIInterfaceOrientationLandscapeRight";
				INFOPLIST_KEY_UISupportedInterfaceOrientations_iPhone = "UIInterfaceOrientationPortrait UIInterfaceOrientationLandscapeLeft UIInterfaceOrientationLandscapeRight";
				LD_RUNPATH_SEARCH_PATHS = (
					"$(inherited)",
					"@executable_path/Frameworks",
				);
				MARKETING_VERSION = 1.0;
				PRODUCT_BUNDLE_IDENTIFIER = "com.jhyun.Photos-ish";
				PRODUCT_NAME = "$(TARGET_NAME)";
				SWIFT_EMIT_LOC_STRINGS = YES;
				SWIFT_VERSION = 5.0;
				TARGETED_DEVICE_FAMILY = "1,2";
			};
			name = Release;
		};
/* End XCBuildConfiguration section */

/* Begin XCConfigurationList section */
		6BD10FC82C65A114003C6BA4 /* Build configuration list for PBXProject "Photos-ish" */ = {
			isa = XCConfigurationList;
			buildConfigurations = (
				6BD10FD92C65A116003C6BA4 /* Debug */,
				6BD10FDA2C65A116003C6BA4 /* Release */,
			);
			defaultConfigurationIsVisible = 0;
			defaultConfigurationName = Release;
		};
		6BD10FDB2C65A116003C6BA4 /* Build configuration list for PBXNativeTarget "Photos-ish" */ = {
			isa = XCConfigurationList;
			buildConfigurations = (
				6BD10FDC2C65A116003C6BA4 /* Debug */,
				6BD10FDD2C65A116003C6BA4 /* Release */,
			);
			defaultConfigurationIsVisible = 0;
			defaultConfigurationName = Release;
		};
/* End XCConfigurationList section */
	};
	rootObject = 6BD10FC52C65A114003C6BA4 /* Project object */;
}
